// !$*UTF8*$!
{
	archiveVersion = 1;
	classes = {
	};
	objectVersion = 50;
	objects = {

/* Begin PBXBuildFile section */
		8431A63021D396B80052E262 /* AppDelegate.swift in Sources */ = {isa = PBXBuildFile; fileRef = 8431A62F21D396B80052E262 /* AppDelegate.swift */; };
		8431A63221D396B80052E262 /* ViewController.swift in Sources */ = {isa = PBXBuildFile; fileRef = 8431A63121D396B80052E262 /* ViewController.swift */; };
		8431A63521D396B80052E262 /* Main.storyboard in Resources */ = {isa = PBXBuildFile; fileRef = 8431A63321D396B80052E262 /* Main.storyboard */; };
		8431A63721D396BA0052E262 /* Assets.xcassets in Resources */ = {isa = PBXBuildFile; fileRef = 8431A63621D396BA0052E262 /* Assets.xcassets */; };
		8431A63A21D396BA0052E262 /* LaunchScreen.storyboard in Resources */ = {isa = PBXBuildFile; fileRef = 8431A63821D396BA0052E262 /* LaunchScreen.storyboard */; };
		8431A64221D396DD0052E262 /* Protocol.swift in Sources */ = {isa = PBXBuildFile; fileRef = 8431A64121D396DD0052E262 /* Protocol.swift */; };
		8431A64421D397550052E262 /* Bus.swift in Sources */ = {isa = PBXBuildFile; fileRef = 8431A64321D397540052E262 /* Bus.swift */; };
		8431A64621D397BF0052E262 /* Plane.swift in Sources */ = {isa = PBXBuildFile; fileRef = 8431A64521D397BF0052E262 /* Plane.swift */; };
		8431A64821D398130052E262 /* Supercar.swift in Sources */ = {isa = PBXBuildFile; fileRef = 8431A64721D398130052E262 /* Supercar.swift */; };
		8431A64A21D398780052E262 /* Train.swift in Sources */ = {isa = PBXBuildFile; fileRef = 8431A64921D398780052E262 /* Train.swift */; };
		8431A64D21D398F00052E262 /* Kitchen.swift in Sources */ = {isa = PBXBuildFile; fileRef = 8431A64C21D398F00052E262 /* Kitchen.swift */; };
		8431A65621D3A2110052E262 /* problem.png in Resources */ = {isa = PBXBuildFile; fileRef = 8431A65421D3A2110052E262 /* problem.png */; };
		8431A65721D3A2110052E262 /* example.png in Resources */ = {isa = PBXBuildFile; fileRef = 8431A65521D3A2110052E262 /* example.png */; };
/* End PBXBuildFile section */

/* Begin PBXFileReference section */
		8431A62C21D396B80052E262 /* Factory Method.app */ = {isa = PBXFileReference; explicitFileType = wrapper.application; includeInIndex = 0; path = "Factory Method.app"; sourceTree = BUILT_PRODUCTS_DIR; };
		8431A62F21D396B80052E262 /* AppDelegate.swift */ = {isa = PBXFileReference; lastKnownFileType = sourcecode.swift; path = AppDelegate.swift; sourceTree = "<group>"; };
		8431A63121D396B80052E262 /* ViewController.swift */ = {isa = PBXFileReference; lastKnownFileType = sourcecode.swift; path = ViewController.swift; sourceTree = "<group>"; };
		8431A63421D396B80052E262 /* Base */ = {isa = PBXFileReference; lastKnownFileType = file.storyboard; name = Base; path = Base.lproj/Main.storyboard; sourceTree = "<group>"; };
		8431A63621D396BA0052E262 /* Assets.xcassets */ = {isa = PBXFileReference; lastKnownFileType = folder.assetcatalog; path = Assets.xcassets; sourceTree = "<group>"; };
		8431A63921D396BA0052E262 /* Base */ = {isa = PBXFileReference; lastKnownFileType = file.storyboard; name = Base; path = Base.lproj/LaunchScreen.storyboard; sourceTree = "<group>"; };
		8431A63B21D396BA0052E262 /* Info.plist */ = {isa = PBXFileReference; lastKnownFileType = text.plist.xml; path = Info.plist; sourceTree = "<group>"; };
		8431A64121D396DD0052E262 /* Protocol.swift */ = {isa = PBXFileReference; lastKnownFileType = sourcecode.swift; path = Protocol.swift; sourceTree = "<group>"; };
		8431A64321D397540052E262 /* Bus.swift */ = {isa = PBXFileReference; lastKnownFileType = sourcecode.swift; path = Bus.swift; sourceTree = "<group>"; };
		8431A64521D397BF0052E262 /* Plane.swift */ = {isa = PBXFileReference; lastKnownFileType = sourcecode.swift; path = Plane.swift; sourceTree = "<group>"; };
		8431A64721D398130052E262 /* Supercar.swift */ = {isa = PBXFileReference; lastKnownFileType = sourcecode.swift; path = Supercar.swift; sourceTree = "<group>"; };
		8431A64921D398780052E262 /* Train.swift */ = {isa = PBXFileReference; lastKnownFileType = sourcecode.swift; path = Train.swift; sourceTree = "<group>"; };
		8431A64C21D398F00052E262 /* Kitchen.swift */ = {isa = PBXFileReference; lastKnownFileType = sourcecode.swift; path = Kitchen.swift; sourceTree = "<group>"; };
		8431A64E21D39BB30052E262 /* README.md */ = {isa = PBXFileReference; lastKnownFileType = net.daringfireball.markdown; path = README.md; sourceTree = "<group>"; };
		8431A65421D3A2110052E262 /* problem.png */ = {isa = PBXFileReference; lastKnownFileType = image.png; path = problem.png; sourceTree = "<group>"; };
		8431A65521D3A2110052E262 /* example.png */ = {isa = PBXFileReference; lastKnownFileType = image.png; path = example.png; sourceTree = "<group>"; };
/* End PBXFileReference section */

/* Begin PBXFrameworksBuildPhase section */
		8431A62921D396B80052E262 /* Frameworks */ = {
			isa = PBXFrameworksBuildPhase;
			buildActionMask = 2147483647;
			files = (
			);
			runOnlyForDeploymentPostprocessing = 0;
		};
/* End PBXFrameworksBuildPhase section */

/* Begin PBXGroup section */
		8431A62321D396B80052E262 = {
			isa = PBXGroup;
			children = (
				8431A64E21D39BB30052E262 /* README.md */,
				8431A64F21D3A0D90052E262 /* images */,
				8431A62E21D396B80052E262 /* Factory Method */,
				8431A62D21D396B80052E262 /* Products */,
			);
			sourceTree = "<group>";
		};
		8431A62D21D396B80052E262 /* Products */ = {
			isa = PBXGroup;
			children = (
				8431A62C21D396B80052E262 /* Factory Method.app */,
			);
			name = Products;
			sourceTree = "<group>";
		};
		8431A62E21D396B80052E262 /* Factory Method */ = {
			isa = PBXGroup;
			children = (
				8431A62F21D396B80052E262 /* AppDelegate.swift */,
				8431A63121D396B80052E262 /* ViewController.swift */,
				8431A63321D396B80052E262 /* Main.storyboard */,
				8431A64121D396DD0052E262 /* Protocol.swift */,
				8431A64C21D398F00052E262 /* Kitchen.swift */,
				8431A64B21D398C40052E262 /* Transport */,
				8431A63621D396BA0052E262 /* Assets.xcassets */,
				8431A63821D396BA0052E262 /* LaunchScreen.storyboard */,
				8431A63B21D396BA0052E262 /* Info.plist */,
			);
			path = "Factory Method";
			sourceTree = "<group>";
		};
		8431A64B21D398C40052E262 /* Transport */ = {
			isa = PBXGroup;
			children = (
				8431A64321D397540052E262 /* Bus.swift */,
				8431A64521D397BF0052E262 /* Plane.swift */,
				8431A64721D398130052E262 /* Supercar.swift */,
				8431A64921D398780052E262 /* Train.swift */,
			);
			path = Transport;
			sourceTree = "<group>";
		};
		8431A64F21D3A0D90052E262 /* images */ = {
			isa = PBXGroup;
			children = (
				8431A65521D3A2110052E262 /* example.png */,
				8431A65421D3A2110052E262 /* problem.png */,
			);
			name = images;
			sourceTree = "<group>";
		};
/* End PBXGroup section */

/* Begin PBXNativeTarget section */
		8431A62B21D396B80052E262 /* Factory Method */ = {
			isa = PBXNativeTarget;
			buildConfigurationList = 8431A63E21D396BA0052E262 /* Build configuration list for PBXNativeTarget "Factory Method" */;
			buildPhases = (
				8431A62821D396B80052E262 /* Sources */,
				8431A62921D396B80052E262 /* Frameworks */,
				8431A62A21D396B80052E262 /* Resources */,
			);
			buildRules = (
			);
			dependencies = (
			);
			name = "Factory Method";
			productName = "Factory Method";
			productReference = 8431A62C21D396B80052E262 /* Factory Method.app */;
			productType = "com.apple.product-type.application";
		};
/* End PBXNativeTarget section */

/* Begin PBXProject section */
		8431A62421D396B80052E262 /* Project object */ = {
			isa = PBXProject;
			attributes = {
				LastSwiftUpdateCheck = 1010;
				LastUpgradeCheck = 1010;
				ORGANIZATIONNAME = Admin;
				TargetAttributes = {
					8431A62B21D396B80052E262 = {
						CreatedOnToolsVersion = 10.1;
					};
				};
			};
			buildConfigurationList = 8431A62721D396B80052E262 /* Build configuration list for PBXProject "Factory Method" */;
			compatibilityVersion = "Xcode 9.3";
			developmentRegion = en;
			hasScannedForEncodings = 0;
			knownRegions = (
				en,
				Base,
			);
			mainGroup = 8431A62321D396B80052E262;
			productRefGroup = 8431A62D21D396B80052E262 /* Products */;
			projectDirPath = "";
			projectRoot = "";
			targets = (
				8431A62B21D396B80052E262 /* Factory Method */,
			);
		};
/* End PBXProject section */

/* Begin PBXResourcesBuildPhase section */
		8431A62A21D396B80052E262 /* Resources */ = {
			isa = PBXResourcesBuildPhase;
			buildActionMask = 2147483647;
			files = (
				8431A63A21D396BA0052E262 /* LaunchScreen.storyboard in Resources */,
				8431A65721D3A2110052E262 /* example.png in Resources */,
				8431A63721D396BA0052E262 /* Assets.xcassets in Resources */,
				8431A63521D396B80052E262 /* Main.storyboard in Resources */,
				8431A65621D3A2110052E262 /* problem.png in Resources */,
			);
			runOnlyForDeploymentPostprocessing = 0;
		};
/* End PBXResourcesBuildPhase section */

/* Begin PBXSourcesBuildPhase section */
		8431A62821D396B80052E262 /* Sources */ = {
			isa = PBXSourcesBuildPhase;
			buildActionMask = 2147483647;
			files = (
				8431A64821D398130052E262 /* Supercar.swift in Sources */,
				8431A63221D396B80052E262 /* ViewController.swift in Sources */,
				8431A64A21D398780052E262 /* Train.swift in Sources */,
				8431A63021D396B80052E262 /* AppDelegate.swift in Sources */,
				8431A64621D397BF0052E262 /* Plane.swift in Sources */,
				8431A64421D397550052E262 /* Bus.swift in Sources */,
				8431A64D21D398F00052E262 /* Kitchen.swift in Sources */,
				8431A64221D396DD0052E262 /* Protocol.swift in Sources */,
			);
			runOnlyForDeploymentPostprocessing = 0;
		};
/* End PBXSourcesBuildPhase section */

/* Begin PBXVariantGroup section */
		8431A63321D396B80052E262 /* Main.storyboard */ = {
			isa = PBXVariantGroup;
			children = (
				8431A63421D396B80052E262 /* Base */,
			);
			name = Main.storyboard;
			sourceTree = "<group>";
		};
		8431A63821D396BA0052E262 /* LaunchScreen.storyboard */ = {
			isa = PBXVariantGroup;
			children = (
				8431A63921D396BA0052E262 /* Base */,
			);
			name = LaunchScreen.storyboard;
			sourceTree = "<group>";
		};
/* End PBXVariantGroup section */

/* Begin XCBuildConfiguration section */
		8431A63C21D396BA0052E262 /* Debug */ = {
			isa = XCBuildConfiguration;
			buildSettings = {
				ALWAYS_SEARCH_USER_PATHS = NO;
				CLANG_ANALYZER_NONNULL = YES;
				CLANG_ANALYZER_NUMBER_OBJECT_CONVERSION = YES_AGGRESSIVE;
				CLANG_CXX_LANGUAGE_STANDARD = "gnu++14";
				CLANG_CXX_LIBRARY = "libc++";
				CLANG_ENABLE_MODULES = YES;
				CLANG_ENABLE_OBJC_ARC = YES;
				CLANG_ENABLE_OBJC_WEAK = YES;
				CLANG_WARN_BLOCK_CAPTURE_AUTORELEASING = YES;
				CLANG_WARN_BOOL_CONVERSION = YES;
				CLANG_WARN_COMMA = YES;
				CLANG_WARN_CONSTANT_CONVERSION = YES;
				CLANG_WARN_DEPRECATED_OBJC_IMPLEMENTATIONS = YES;
				CLANG_WARN_DIRECT_OBJC_ISA_USAGE = YES_ERROR;
				CLANG_WARN_DOCUMENTATION_COMMENTS = YES;
				CLANG_WARN_EMPTY_BODY = YES;
				CLANG_WARN_ENUM_CONVERSION = YES;
				CLANG_WARN_INFINITE_RECURSION = YES;
				CLANG_WARN_INT_CONVERSION = YES;
				CLANG_WARN_NON_LITERAL_NULL_CONVERSION = YES;
				CLANG_WARN_OBJC_IMPLICIT_RETAIN_SELF = YES;
				CLANG_WARN_OBJC_LITERAL_CONVERSION = YES;
				CLANG_WARN_OBJC_ROOT_CLASS = YES_ERROR;
				CLANG_WARN_RANGE_LOOP_ANALYSIS = YES;
				CLANG_WARN_STRICT_PROTOTYPES = YES;
				CLANG_WARN_SUSPICIOUS_MOVE = YES;
				CLANG_WARN_UNGUARDED_AVAILABILITY = YES_AGGRESSIVE;
				CLANG_WARN_UNREACHABLE_CODE = YES;
				CLANG_WARN__DUPLICATE_METHOD_MATCH = YES;
				CODE_SIGN_IDENTITY = "iPhone Developer";
				COPY_PHASE_STRIP = NO;
				DEBUG_INFORMATION_FORMAT = dwarf;
				ENABLE_STRICT_OBJC_MSGSEND = YES;
				ENABLE_TESTABILITY = YES;
				GCC_C_LANGUAGE_STANDARD = gnu11;
				GCC_DYNAMIC_NO_PIC = NO;
				GCC_NO_COMMON_BLOCKS = YES;
				GCC_OPTIMIZATION_LEVEL = 0;
				GCC_PREPROCESSOR_DEFINITIONS = (
					"DEBUG=1",
					"$(inherited)",
				);
				GCC_WARN_64_TO_32_BIT_CONVERSION = YES;
				GCC_WARN_ABOUT_RETURN_TYPE = YES_ERROR;
				GCC_WARN_UNDECLARED_SELECTOR = YES;
				GCC_WARN_UNINITIALIZED_AUTOS = YES_AGGRESSIVE;
				GCC_WARN_UNUSED_FUNCTION = YES;
				GCC_WARN_UNUSED_VARIABLE = YES;
				IPHONEOS_DEPLOYMENT_TARGET = 12.1;
				MTL_ENABLE_DEBUG_INFO = INCLUDE_SOURCE;
				MTL_FAST_MATH = YES;
				ONLY_ACTIVE_ARCH = YES;
				SDKROOT = iphoneos;
				SWIFT_ACTIVE_COMPILATION_CONDITIONS = DEBUG;
				SWIFT_OPTIMIZATION_LEVEL = "-Onone";
			};
			name = Debug;
		};
		8431A63D21D396BA0052E262 /* Release */ = {
			isa = XCBuildConfiguration;
			buildSettings = {
				ALWAYS_SEARCH_USER_PATHS = NO;
				CLANG_ANALYZER_NONNULL = YES;
				CLANG_ANALYZER_NUMBER_OBJECT_CONVERSION = YES_AGGRESSIVE;
				CLANG_CXX_LANGUAGE_STANDARD = "gnu++14";
				CLANG_CXX_LIBRARY = "libc++";
				CLANG_ENABLE_MODULES = YES;
				CLANG_ENABLE_OBJC_ARC = YES;
				CLANG_ENABLE_OBJC_WEAK = YES;
				CLANG_WARN_BLOCK_CAPTURE_AUTORELEASING = YES;
				CLANG_WARN_BOOL_CONVERSION = YES;
				CLANG_WARN_COMMA = YES;
				CLANG_WARN_CONSTANT_CONVERSION = YES;
				CLANG_WARN_DEPRECATED_OBJC_IMPLEMENTATIONS = YES;
				CLANG_WARN_DIRECT_OBJC_ISA_USAGE = YES_ERROR;
				CLANG_WARN_DOCUMENTATION_COMMENTS = YES;
				CLANG_WARN_EMPTY_BODY = YES;
				CLANG_WARN_ENUM_CONVERSION = YES;
				CLANG_WARN_INFINITE_RECURSION = YES;
				CLANG_WARN_INT_CONVERSION = YES;
				CLANG_WARN_NON_LITERAL_NULL_CONVERSION = YES;
				CLANG_WARN_OBJC_IMPLICIT_RETAIN_SELF = YES;
				CLANG_WARN_OBJC_LITERAL_CONVERSION = YES;
				CLANG_WARN_OBJC_ROOT_CLASS = YES_ERROR;
				CLANG_WARN_RANGE_LOOP_ANALYSIS = YES;
				CLANG_WARN_STRICT_PROTOTYPES = YES;
				CLANG_WARN_SUSPICIOUS_MOVE = YES;
				CLANG_WARN_UNGUARDED_AVAILABILITY = YES_AGGRESSIVE;
				CLANG_WARN_UNREACHABLE_CODE = YES;
				CLANG_WARN__DUPLICATE_METHOD_MATCH = YES;
				CODE_SIGN_IDENTITY = "iPhone Developer";
				COPY_PHASE_STRIP = NO;
				DEBUG_INFORMATION_FORMAT = "dwarf-with-dsym";
				ENABLE_NS_ASSERTIONS = NO;
				ENABLE_STRICT_OBJC_MSGSEND = YES;
				GCC_C_LANGUAGE_STANDARD = gnu11;
				GCC_NO_COMMON_BLOCKS = YES;
				GCC_WARN_64_TO_32_BIT_CONVERSION = YES;
				GCC_WARN_ABOUT_RETURN_TYPE = YES_ERROR;
				GCC_WARN_UNDECLARED_SELECTOR = YES;
				GCC_WARN_UNINITIALIZED_AUTOS = YES_AGGRESSIVE;
				GCC_WARN_UNUSED_FUNCTION = YES;
				GCC_WARN_UNUSED_VARIABLE = YES;
				IPHONEOS_DEPLOYMENT_TARGET = 12.1;
				MTL_ENABLE_DEBUG_INFO = NO;
				MTL_FAST_MATH = YES;
				SDKROOT = iphoneos;
				SWIFT_COMPILATION_MODE = wholemodule;
				SWIFT_OPTIMIZATION_LEVEL = "-O";
				VALIDATE_PRODUCT = YES;
			};
			name = Release;
		};
		8431A63F21D396BA0052E262 /* Debug */ = {
			isa = XCBuildConfiguration;
			buildSettings = {
				ASSETCATALOG_COMPILER_APPICON_NAME = AppIcon;
				CODE_SIGN_STYLE = Automatic;
				DEVELOPMENT_TEAM = 352GM74267;
				INFOPLIST_FILE = "Factory Method/Info.plist";
				LD_RUNPATH_SEARCH_PATHS = (
					"$(inherited)",
					"@executable_path/Frameworks",
				);
				PRODUCT_BUNDLE_IDENTIFIER = "com.Alex.Factory-Method";
				PRODUCT_NAME = "$(TARGET_NAME)";
				SWIFT_VERSION = 4.2;
				TARGETED_DEVICE_FAMILY = "1,2";
			};
			name = Debug;
		};
		8431A64021D396BA0052E262 /* Release */ = {
			isa = XCBuildConfiguration;
			buildSettings = {
				ASSETCATALOG_COMPILER_APPICON_NAME = AppIcon;
				CODE_SIGN_STYLE = Automatic;
				DEVELOPMENT_TEAM = 352GM74267;
				INFOPLIST_FILE = "Factory Method/Info.plist";
				LD_RUNPATH_SEARCH_PATHS = (
					"$(inherited)",
					"@executable_path/Frameworks",
				);
				PRODUCT_BUNDLE_IDENTIFIER = "com.Alex.Factory-Method";
				PRODUCT_NAME = "$(TARGET_NAME)";
				SWIFT_VERSION = 4.2;
				TARGETED_DEVICE_FAMILY = "1,2";
			};
			name = Release;
		};
/* End XCBuildConfiguration section */

/* Begin XCConfigurationList section */
		8431A62721D396B80052E262 /* Build configuration list for PBXProject "Factory Method" */ = {
			isa = XCConfigurationList;
			buildConfigurations = (
				8431A63C21D396BA0052E262 /* Debug */,
				8431A63D21D396BA0052E262 /* Release */,
			);
			defaultConfigurationIsVisible = 0;
			defaultConfigurationName = Release;
		};
		8431A63E21D396BA0052E262 /* Build configuration list for PBXNativeTarget "Factory Method" */ = {
			isa = XCConfigurationList;
			buildConfigurations = (
				8431A63F21D396BA0052E262 /* Debug */,
				8431A64021D396BA0052E262 /* Release */,
			);
			defaultConfigurationIsVisible = 0;
			defaultConfigurationName = Release;
		};
/* End XCConfigurationList section */
	};
	rootObject = 8431A62421D396B80052E262 /* Project object */;
}
